# THIS IS AN AUTOGENERATED FILE. DO NOT EDIT THIS FILE DIRECTLY.
# yarn lockfile v1


"@turbo/darwin-64@2.9.14":
  version "2.9.14"
  resolved "https://registry.yarnpkg.com/@turbo/darwin-64/-/darwin-64-2.9.14.tgz#b9ec6ac637b9c5fdba5dae9d743f5d121f091242"
  integrity sha512-t7QiPflaEyBE4oayeZtSmu4mEfjgIrcNlNNl1z1dmIVPqEdtA7+CfTf8d7KXsOGPh6aNgWjKxyvQg9uGfDQF+A==

"@turbo/darwin-arm64@2.9.14":
  version "2.9.14"
  resolved "https://registry.yarnpkg.com/@turbo/darwin-arm64/-/darwin-arm64-2.9.14.tgz#99d19f3e59842c595d2828c72a2e4ef537408f38"
  integrity sha512-d23147mC9BsCPA9mJ0h/ubcpbRgcJBXbcG3+Vq7YLhjz3IXuvQsJ1UXH8f4MD76ZjJ4m/E4aRdJV+MW88CDfbw==

"@turbo/linux-64@2.9.14":
  version "2.9.14"
  resolved "https://registry.yarnpkg.com/@turbo/linux-64/-/linux-64-2.9.14.tgz#9c907434f091cd75529f5496516f79b71935d2bb"
  integrity sha512-P3ZKB5tuUDdDQWuAsACGUR1qv9W7BNWxdxqVJ0kZNuNNPRaVYTPPikLcp79+GiEcW3npsR+KyP38lnQiBc5aSA==

"@turbo/linux-arm64@2.9.14":
  version "2.9.14"
  resolved "https://registry.yarnpkg.com/@turbo/linux-arm64/-/linux-arm64-2.9.14.tgz#79ae9060e6ee9e0fb784ae0747e980f582e75313"
  integrity sha512-ZRTlzcUMrrPv9ZuDzRF9n60Ym13bKeG9jDB8WjxyLhWNzV+AJQN+zdpIk3NJYf2zQsGUm1mNar2P0elRzLw25g==

"@turbo/windows-64@2.9.14":
  version "2.9.14"
  resolved "https://registry.yarnpkg.com/@turbo/windows-64/-/windows-64-2.9.14.tgz#68a80f299f35189314184c88301caad982d1c0c2"
  integrity sha512-exanwN6sIduZwykYeiTQj8kCmOhazP5WOz3bvXMcYtjhL6Z3iRWLewKrXCBq0bqwSP3iBMb/AerRCnHI4lx46A==

"@turbo/windows-arm64@2.9.14":
  version "2.9.14"
  resolved "https://registry.yarnpkg.com/@turbo/windows-arm64/-/windows-arm64-2.9.14.tgz#4dc16684f0ddce53fafe56ad8f55205c4473d17a"
  integrity sha512-fVdCsnmYoKICsycbWuuGp6Jvi51/3G/UluFWuAUCvR8PIW5IJkAk5BM9UF8PSm0Q2IphWHFZjYEgjHsh3B9y/g==

turbo@^2.9.14:
  version "2.9.14"
  resolved "https://registry.yarnpkg.com/turbo/-/turbo-2.9.14.tgz#d412fcc4c9bd8dba29cec5bbd54d5a74ab2b1bee"
  integrity sha512-BQqXRr4UoWI3UPFrtznCLykYHxwxWh53iCB57x092jPMjIlW1wnm3N895g5irpiXmnxUhREBB0n6+y8BHhs4nw==
  optionalDependencies:
    "@turbo/darwin-64" "2.9.14"
    "@turbo/darwin-arm64" "2.9.14"
    "@turbo/linux-64" "2.9.14"
    "@turbo/linux-arm64" "2.9.14"
    "@turbo/windows-64" "2.9.14"
    "@turbo/windows-arm64" "2.9.14"
