{
  "name": "monorepo",
  "lockfileVersion": 2,
  "requires": true,
  "packages": {
    "": {
      "name": "monorepo",
      "workspaces": [
        "apps/**"
      ],
      "dependencies": {
        "turbo": "^2.9.14"
      }
    },
    "apps/a": {
      "version": "0.0.1",
      "dependencies": {
        "has-symbols": "^1.0.3"
      }
    },
    "apps/b": {
      "version": "0.0.1",
      "dependencies": {
        "function-bind": "^1.1.1"
      }
    },
    "node_modules/@turbo/darwin-64": {
      "version": "2.9.14",
      "resolved": "https://registry.npmjs.org/@turbo/darwin-64/-/darwin-64-2.9.14.tgz",
      "integrity": "sha512-t7QiPflaEyBE4oayeZtSmu4mEfjgIrcNlNNl1z1dmIVPqEdtA7+CfTf8d7KXsOGPh6aNgWjKxyvQg9uGfDQF+A==",
      "cpu": [
        "x64"
      ],
      "optional": true,
      "os": [
        "darwin"
      ]
    },
    "node_modules/@turbo/darwin-arm64": {
      "version": "2.9.14",
      "resolved": "https://registry.npmjs.org/@turbo/darwin-arm64/-/darwin-arm64-2.9.14.tgz",
      "integrity": "sha512-d23147mC9BsCPA9mJ0h/ubcpbRgcJBXbcG3+Vq7YLhjz3IXuvQsJ1UXH8f4MD76ZjJ4m/E4aRdJV+MW88CDfbw==",
      "cpu": [
        "arm64"
      ],
      "optional": true,
      "os": [
        "darwin"
      ]
    },
    "node_modules/@turbo/linux-64": {
      "version": "2.9.14",
      "resolved": "https://registry.npmjs.org/@turbo/linux-64/-/linux-64-2.9.14.tgz",
      "integrity": "sha512-P3ZKB5tuUDdDQWuAsACGUR1qv9W7BNWxdxqVJ0kZNuNNPRaVYTPPikLcp79+GiEcW3npsR+KyP38lnQiBc5aSA==",
      "cpu": [
        "x64"
      ],
      "optional": true,
      "os": [
        "linux"
      ]
    },
    "node_modules/@turbo/linux-arm64": {
      "version": "2.9.14",
      "resolved": "https://registry.npmjs.org/@turbo/linux-arm64/-/linux-arm64-2.9.14.tgz",
      "integrity": "sha512-ZRTlzcUMrrPv9ZuDzRF9n60Ym13bKeG9jDB8WjxyLhWNzV+AJQN+zdpIk3NJYf2zQsGUm1mNar2P0elRzLw25g==",
      "cpu": [
        "arm64"
      ],
      "optional": true,
      "os": [
        "linux"
      ]
    },
    "node_modules/@turbo/windows-64": {
      "version": "2.9.14",
      "resolved": "https://registry.npmjs.org/@turbo/windows-64/-/windows-64-2.9.14.tgz",
      "integrity": "sha512-exanwN6sIduZwykYeiTQj8kCmOhazP5WOz3bvXMcYtjhL6Z3iRWLewKrXCBq0bqwSP3iBMb/AerRCnHI4lx46A==",
      "cpu": [
        "x64"
      ],
      "optional": true,
      "os": [
        "win32"
      ]
    },
    "node_modules/@turbo/windows-arm64": {
      "version": "2.9.14",
      "resolved": "https://registry.npmjs.org/@turbo/windows-arm64/-/windows-arm64-2.9.14.tgz",
      "integrity": "sha512-fVdCsnmYoKICsycbWuuGp6Jvi51/3G/UluFWuAUCvR8PIW5IJkAk5BM9UF8PSm0Q2IphWHFZjYEgjHsh3B9y/g==",
      "cpu": [
        "arm64"
      ],
      "optional": true,
      "os": [
        "win32"
      ]
    },
    "node_modules/a": {
      "resolved": "apps/a",
      "link": true
    },
    "node_modules/b": {
      "resolved": "apps/b",
      "link": true
    },
    "node_modules/function-bind": {
      "version": "1.1.1",
      "resolved": "https://registry.npmjs.org/function-bind/-/function-bind-1.1.1.tgz",
      "integrity": "sha512-yIovAzMX49sF8Yl58fSCWJ5svSLuaibPxXQJFLmBObTuCr0Mf1KiPopGM9NiFjiYBCbfaa2Fh6breQ6ANVTI0A=="
    },
    "node_modules/has-symbols": {
      "version": "1.0.3",
      "resolved": "https://registry.npmjs.org/has-symbols/-/has-symbols-1.0.3.tgz",
      "integrity": "sha512-l3LCuF6MgDNwTDKkdYGEihYjt5pRPbEg46rtlmnSPlUbgmB8LOIrKJbYYFBSbnPaJexMKtiPO8hmeRjRz2Td+A==",
      "engines": {
        "node": ">= 0.4"
      },
      "funding": {
        "url": "https://github.com/sponsors/ljharb"
      }
    },
    "node_modules/turbo": {
      "version": "2.9.14",
      "resolved": "https://registry.npmjs.org/turbo/-/turbo-2.9.14.tgz",
      "integrity": "sha512-BQqXRr4UoWI3UPFrtznCLykYHxwxWh53iCB57x092jPMjIlW1wnm3N895g5irpiXmnxUhREBB0n6+y8BHhs4nw==",
      "bin": {
        "turbo": "bin/turbo"
      },
      "optionalDependencies": {
        "@turbo/darwin-64": "2.9.14",
        "@turbo/darwin-arm64": "2.9.14",
        "@turbo/linux-64": "2.9.14",
        "@turbo/linux-arm64": "2.9.14",
        "@turbo/windows-64": "2.9.14",
        "@turbo/windows-arm64": "2.9.14"
      }
    }
  },
  "dependencies": {
    "@turbo/darwin-64": {
      "version": "2.9.14",
      "resolved": "https://registry.npmjs.org/@turbo/darwin-64/-/darwin-64-2.9.14.tgz",
      "integrity": "sha512-t7QiPflaEyBE4oayeZtSmu4mEfjgIrcNlNNl1z1dmIVPqEdtA7+CfTf8d7KXsOGPh6aNgWjKxyvQg9uGfDQF+A==",
      "optional": true
    },
    "@turbo/darwin-arm64": {
      "version": "2.9.14",
      "resolved": "https://registry.npmjs.org/@turbo/darwin-arm64/-/darwin-arm64-2.9.14.tgz",
      "integrity": "sha512-d23147mC9BsCPA9mJ0h/ubcpbRgcJBXbcG3+Vq7YLhjz3IXuvQsJ1UXH8f4MD76ZjJ4m/E4aRdJV+MW88CDfbw==",
      "optional": true
    },
    "@turbo/linux-64": {
      "version": "2.9.14",
      "resolved": "https://registry.npmjs.org/@turbo/linux-64/-/linux-64-2.9.14.tgz",
      "integrity": "sha512-P3ZKB5tuUDdDQWuAsACGUR1qv9W7BNWxdxqVJ0kZNuNNPRaVYTPPikLcp79+GiEcW3npsR+KyP38lnQiBc5aSA==",
      "optional": true
    },
    "@turbo/linux-arm64": {
      "version": "2.9.14",
      "resolved": "https://registry.npmjs.org/@turbo/linux-arm64/-/linux-arm64-2.9.14.tgz",
      "integrity": "sha512-ZRTlzcUMrrPv9ZuDzRF9n60Ym13bKeG9jDB8WjxyLhWNzV+AJQN+zdpIk3NJYf2zQsGUm1mNar2P0elRzLw25g==",
      "optional": true
    },
    "@turbo/windows-64": {
      "version": "2.9.14",
      "resolved": "https://registry.npmjs.org/@turbo/windows-64/-/windows-64-2.9.14.tgz",
      "integrity": "sha512-exanwN6sIduZwykYeiTQj8kCmOhazP5WOz3bvXMcYtjhL6Z3iRWLewKrXCBq0bqwSP3iBMb/AerRCnHI4lx46A==",
      "optional": true
    },
    "@turbo/windows-arm64": {
      "version": "2.9.14",
      "resolved": "https://registry.npmjs.org/@turbo/windows-arm64/-/windows-arm64-2.9.14.tgz",
      "integrity": "sha512-fVdCsnmYoKICsycbWuuGp6Jvi51/3G/UluFWuAUCvR8PIW5IJkAk5BM9UF8PSm0Q2IphWHFZjYEgjHsh3B9y/g==",
      "optional": true
    },
    "a": {
      "version": "file:apps/a",
      "requires": {
        "has-symbols": "^1.0.3"
      }
    },
    "b": {
      "version": "file:apps/b",
      "requires": {
        "function-bind": "^1.1.1"
      }
    },
    "function-bind": {
      "version": "1.1.1",
      "resolved": "https://registry.npmjs.org/function-bind/-/function-bind-1.1.1.tgz",
      "integrity": "sha512-yIovAzMX49sF8Yl58fSCWJ5svSLuaibPxXQJFLmBObTuCr0Mf1KiPopGM9NiFjiYBCbfaa2Fh6breQ6ANVTI0A=="
    },
    "has-symbols": {
      "version": "1.0.3",
      "resolved": "https://registry.npmjs.org/has-symbols/-/has-symbols-1.0.3.tgz",
      "integrity": "sha512-l3LCuF6MgDNwTDKkdYGEihYjt5pRPbEg46rtlmnSPlUbgmB8LOIrKJbYYFBSbnPaJexMKtiPO8hmeRjRz2Td+A=="
    },
    "turbo": {
      "version": "2.9.14",
      "resolved": "https://registry.npmjs.org/turbo/-/turbo-2.9.14.tgz",
      "integrity": "sha512-BQqXRr4UoWI3UPFrtznCLykYHxwxWh53iCB57x092jPMjIlW1wnm3N895g5irpiXmnxUhREBB0n6+y8BHhs4nw==",
      "requires": {
        "@turbo/darwin-64": "2.9.14",
        "@turbo/darwin-arm64": "2.9.14",
        "@turbo/linux-64": "2.9.14",
        "@turbo/linux-arm64": "2.9.14",
        "@turbo/windows-64": "2.9.14",
        "@turbo/windows-arm64": "2.9.14"
      }
    }
  }
}
